
Microsoft Visual Studio Solution File, Format Version 12.00
# Visual Studio 2013
VisualStudioVersion = 12.0.31101.0
MinimumVisualStudioVersion = 10.0.40219.1
Project("{FAE04EC0-301F-11D3-BF4B-00C04F79EFBC}") = "GameServer", "GameServer\GameServer.csproj", "{C5DB34F4-5198-4BF9-B0E1-7E14B5D1161F}"
EndProject
Project("{FAE04EC0-301F-11D3-BF4B-00C04F79EFBC}") = "StateMachine", "StateMachine\StateMachine.csproj", "{AEECFBBD-8814-4704-AB66-9606992C7A67}"
EndProject
Project("{FAE04EC0-301F-11D3-BF4B-00C04F79EFBC}") = "MathEngine", "MathEngine\MathEngine.csproj", "{66704790-2894-4021-8F21-C57947418E4C}"
EndProject
Project("{FAE04EC0-301F-11D3-BF4B-00C04F79EFBC}") = "Utilities", "Utilities\Utilities.csproj", "{CCA82453-518D-4336-8A2A-2093601CFC93}"
EndProject
Project("{FAE04EC0-301F-11D3-BF4B-00C04F79EFBC}") = "ClientComms", "ClientComms\ClientComms.csproj", "{76375C44-9C09-490B-8A01-503159B70CDB}"
EndProject
Project("{FAE04EC0-301F-11D3-BF4B-00C04F79EFBC}") = "PlatformComms", "PlatformComms\PlatformComms.csproj", "{B23DBFBC-0227-44A3-AC72-9C2FE2C816C3}"
EndProject
Project("{FAE04EC0-301F-11D3-BF4B-00C04F79EFBC}") = "GameLibrary", "GameLibrary\GameLibrary.csproj", "{3E882B36-0B1E-4F41-9326-7961C6768CDF}"
EndProject
Project("{FAE04EC0-301F-11D3-BF4B-00C04F79EFBC}") = "SlotLibrary", "SlotLibrary\SlotLibrary.csproj", "{906CFFFC-41AD-4B02-9E97-B1F30F20E85A}"
EndProject
Project("{FAE04EC0-301F-11D3-BF4B-00C04F79EFBC}") = "UnitTests", "UnitTests\UnitTests.csproj", "{6A889397-793A-499A-B5E5-E0E1798FFB94}"
EndProject
Project("{FAE04EC0-301F-11D3-BF4B-00C04F79EFBC}") = "ReplayLibrary", "ReplayLibrary\ReplayLibrary.csproj", "{FD9CC50E-19D1-4951-BEE0-C28287B4958B}"
EndProject
Global
	GlobalSection(SolutionConfigurationPlatforms) = preSolution
		Debug|Any CPU = Debug|Any CPU
		Release|Any CPU = Release|Any CPU
	EndGlobalSection
	GlobalSection(ProjectConfigurationPlatforms) = postSolution
		{C5DB34F4-5198-4BF9-B0E1-7E14B5D1161F}.Debug|Any CPU.ActiveCfg = Debug|Any CPU
		{C5DB34F4-5198-4BF9-B0E1-7E14B5D1161F}.Debug|Any CPU.Build.0 = Debug|Any CPU
		{C5DB34F4-5198-4BF9-B0E1-7E14B5D1161F}.Release|Any CPU.ActiveCfg = Release|Any CPU
		{C5DB34F4-5198-4BF9-B0E1-7E14B5D1161F}.Release|Any CPU.Build.0 = Release|Any CPU
		{AEECFBBD-8814-4704-AB66-9606992C7A67}.Debug|Any CPU.ActiveCfg = Debug|Any CPU
		{AEECFBBD-8814-4704-AB66-9606992C7A67}.Debug|Any CPU.Build.0 = Debug|Any CPU
		{AEECFBBD-8814-4704-AB66-9606992C7A67}.Release|Any CPU.ActiveCfg = Release|Any CPU
		{AEECFBBD-8814-4704-AB66-9606992C7A67}.Release|Any CPU.Build.0 = Release|Any CPU
		{66704790-2894-4021-8F21-C57947418E4C}.Debug|Any CPU.ActiveCfg = Debug|Any CPU
		{66704790-2894-4021-8F21-C57947418E4C}.Debug|Any CPU.Build.0 = Debug|Any CPU
		{66704790-2894-4021-8F21-C57947418E4C}.Release|Any CPU.ActiveCfg = Release|Any CPU
		{66704790-2894-4021-8F21-C57947418E4C}.Release|Any CPU.Build.0 = Release|Any CPU
		{CCA82453-518D-4336-8A2A-2093601CFC93}.Debug|Any CPU.ActiveCfg = Debug|Any CPU
		{CCA82453-518D-4336-8A2A-2093601CFC93}.Debug|Any CPU.Build.0 = Debug|Any CPU
		{CCA82453-518D-4336-8A2A-2093601CFC93}.Release|Any CPU.ActiveCfg = Release|Any CPU
		{CCA82453-518D-4336-8A2A-2093601CFC93}.Release|Any CPU.Build.0 = Release|Any CPU
		{76375C44-9C09-490B-8A01-503159B70CDB}.Debug|Any CPU.ActiveCfg = Debug|Any CPU
		{76375C44-9C09-490B-8A01-503159B70CDB}.Debug|Any CPU.Build.0 = Debug|Any CPU
		{76375C44-9C09-490B-8A01-503159B70CDB}.Release|Any CPU.ActiveCfg = Release|Any CPU
		{76375C44-9C09-490B-8A01-503159B70CDB}.Release|Any CPU.Build.0 = Release|Any CPU
		{B23DBFBC-0227-44A3-AC72-9C2FE2C816C3}.Debug|Any CPU.ActiveCfg = Debug|Any CPU
		{B23DBFBC-0227-44A3-AC72-9C2FE2C816C3}.Debug|Any CPU.Build.0 = Debug|Any CPU
		{B23DBFBC-0227-44A3-AC72-9C2FE2C816C3}.Release|Any CPU.ActiveCfg = Release|Any CPU
		{B23DBFBC-0227-44A3-AC72-9C2FE2C816C3}.Release|Any CPU.Build.0 = Release|Any CPU
		{3E882B36-0B1E-4F41-9326-7961C6768CDF}.Debug|Any CPU.ActiveCfg = Debug|Any CPU
		{3E882B36-0B1E-4F41-9326-7961C6768CDF}.Debug|Any CPU.Build.0 = Debug|Any CPU
		{3E882B36-0B1E-4F41-9326-7961C6768CDF}.Release|Any CPU.ActiveCfg = Release|Any CPU
		{3E882B36-0B1E-4F41-9326-7961C6768CDF}.Release|Any CPU.Build.0 = Release|Any CPU
		{906CFFFC-41AD-4B02-9E97-B1F30F20E85A}.Debug|Any CPU.ActiveCfg = Debug|Any CPU
		{906CFFFC-41AD-4B02-9E97-B1F30F20E85A}.Debug|Any CPU.Build.0 = Debug|Any CPU
		{906CFFFC-41AD-4B02-9E97-B1F30F20E85A}.Release|Any CPU.ActiveCfg = Release|Any CPU
		{906CFFFC-41AD-4B02-9E97-B1F30F20E85A}.Release|Any CPU.Build.0 = Release|Any CPU
		{6A889397-793A-499A-B5E5-E0E1798FFB94}.Debug|Any CPU.ActiveCfg = Debug|Any CPU
		{6A889397-793A-499A-B5E5-E0E1798FFB94}.Debug|Any CPU.Build.0 = Debug|Any CPU
		{6A889397-793A-499A-B5E5-E0E1798FFB94}.Release|Any CPU.ActiveCfg = Release|Any CPU
		{6A889397-793A-499A-B5E5-E0E1798FFB94}.Release|Any CPU.Build.0 = Release|Any CPU
		{FD9CC50E-19D1-4951-BEE0-C28287B4958B}.Debug|Any CPU.ActiveCfg = Debug|Any CPU
		{FD9CC50E-19D1-4951-BEE0-C28287B4958B}.Debug|Any CPU.Build.0 = Debug|Any CPU
		{FD9CC50E-19D1-4951-BEE0-C28287B4958B}.Release|Any CPU.ActiveCfg = Release|Any CPU
		{FD9CC50E-19D1-4951-BEE0-C28287B4958B}.Release|Any CPU.Build.0 = Release|Any CPU
	EndGlobalSection
	GlobalSection(SolutionProperties) = preSolution
		HideSolutionNode = FALSE
	EndGlobalSection
EndGlobal
